
Microsoft Visual Studio Solution File, Format Version 12.00
# Visual Studio Version 17
VisualStudioVersion = 17.8.34330.188
MinimumVisualStudioVersion = 10.0.40219.1
Project("{8BC9CEB8-8B4A-11D0-8D11-00A0C91BC942}") = "lab3", "lab3\lab3.vcxproj", "{B53EEBA9-423C-4BCA-B6C2-88E54E342B94}"
EndProject
Global
	GlobalSection(SolutionConfigurationPlatforms) = preSolution
		Debug|x64 = Debug|x64
		Debug|x86 = Debug|x86
		Release|x64 = Release|x64
		Release|x86 = Release|x86
	EndGlobalSection
	GlobalSection(ProjectConfigurationPlatforms) = postSolution
		{B53EEBA9-423C-4BCA-B6C2-88E54E342B94}.Debug|x64.ActiveCfg = Debug|x64
		{B53EEBA9-423C-4BCA-B6C2-88E54E342B94}.Debug|x64.Build.0 = Debug|x64
		{B53EEBA9-423C-4BCA-B6C2-88E54E342B94}.Debug|x86.ActiveCfg = Debug|Win32
		{B53EEBA9-423C-4BCA-B6C2-88E54E342B94}.Debug|x86.Build.0 = Debug|Win32
		{B53EEBA9-423C-4BCA-B6C2-88E54E342B94}.Release|x64.ActiveCfg = Release|x64
		{B53EEBA9-423C-4BCA-B6C2-88E54E342B94}.Release|x64.Build.0 = Release|x64
		{B53EEBA9-423C-4BCA-B6C2-88E54E342B94}.Release|x86.ActiveCfg = Release|Win32
		{B53EEBA9-423C-4BCA-B6C2-88E54E342B94}.Release|x86.Build.0 = Release|Win32
	EndGlobalSection
	GlobalSection(SolutionProperties) = preSolution
		HideSolutionNode = FALSE
	EndGlobalSection
	GlobalSection(ExtensibilityGlobals) = postSolution
		SolutionGuid = {CFD9CE3C-6FB4-4844-A488-3BEF1ACECC39}
	EndGlobalSection
EndGlobal
